{
  "name": "hapi-method-validation",
  "version": "1.0.4",
  "lockfileVersion": 1,
  "requires": true,
  "dependencies": {
    "boom": {
      "version": "7.3.0",
      "resolved": "https://registry.npm.taobao.org/boom/download/boom-7.3.0.tgz?cache=0&other_urls=https%3A%2F%2Fregistry.npm.taobao.org%2Fboom%2Fdownload%2Fboom-7.3.0.tgz",
      "integrity": "sha1-czptlW0zsLGZnaP+bBKZaVDQF7k=",
      "requires": {
        "hoek": "6.1.3"
      }
    },
    "hoek": {
      "version": "6.1.3",
      "resolved": "https://registry.npm.taobao.org/hoek/download/hoek-6.1.3.tgz",
      "integrity": "sha1-c7fTOVLgH+J6OLBFcpS3ndjaJCw="
    },
    "isemail": {
      "version": "3.2.0",
      "resolved": "http://registry.npm.taobao.org/isemail/download/isemail-3.2.0.tgz",
      "integrity": "sha1-WTEKAhkxqfsGu7UeFVzgs/I2gyw=",
      "requires": {
        "punycode": "2.1.1"
      }
    },
    "joi": {
      "version": "13.7.0",
      "resolved": "https://registry.npm.taobao.org/joi/download/joi-13.7.0.tgz",
      "integrity": "sha1-z9hev+Z+ihkAQyQAtNA7vZP7h58=",
      "requires": {
        "hoek": "5.0.4",
        "isemail": "3.2.0",
        "topo": "3.0.3"
      },
      "dependencies": {
        "hoek": {
          "version": "5.0.4",
          "resolved": "https://registry.npm.taobao.org/hoek/download/hoek-5.0.4.tgz",
          "integrity": "sha1-D3+icKHK/rNkpLLd+qM/hk5BV9o="
        }
      }
    },
    "punycode": {
      "version": "2.1.1",
      "resolved": "http://registry.npm.taobao.org/punycode/download/punycode-2.1.1.tgz",
      "integrity": "sha1-tYsBCsQMIsVldhbI0sLALHv0eew="
    },
    "topo": {
      "version": "3.0.3",
      "resolved": "https://registry.npm.taobao.org/topo/download/topo-3.0.3.tgz",
      "integrity": "sha1-1aZ/suaTB+vusIQC7Coqb1962Vw=",
      "requires": {
        "hoek": "6.1.3"
      }
    }
  }
}
